
Microsoft Visual Studio Solution File, Format Version 12.00
# Visual Studio Version 17
VisualStudioVersion = 17.9.34728.123
MinimumVisualStudioVersion = 10.0.40219.1
Project("{FAE04EC0-301F-11D3-BF4B-00C04F79EFBC}") = "CSP-20240603", "CSP-20240603\CSP-20240603.csproj", "{9D2840D6-9F22-4630-9123-7C49B8CE00D6}"
EndProject
Project("{9A19103F-16F7-4668-BE54-9A1E7A4F7556}") = "HW2-99list-typeset-math", "..\..\..\..\Python\20240528\C sharp\HW-20240528-2\HW2-99list-typeset-math\HW2-99list-typeset-math\HW2-99list-typeset-math.csproj", "{DAA1B20D-D663-4FB0-A601-C3FA43BC9C48}"
EndProject
Project("{9A19103F-16F7-4668-BE54-9A1E7A4F7556}") = "CS-20240531", "..\..\CSP-20240531\CS-20240531\CS-20240531\CS-20240531.csproj", "{EA27F23A-0991-401D-B848-F7B73CEC30BE}"
EndProject
Global
	GlobalSection(SolutionConfigurationPlatforms) = preSolution
		Debug|Any CPU = Debug|Any CPU
		Release|Any CPU = Release|Any CPU
	EndGlobalSection
	GlobalSection(ProjectConfigurationPlatforms) = postSolution
		{9D2840D6-9F22-4630-9123-7C49B8CE00D6}.Debug|Any CPU.ActiveCfg = Debug|Any CPU
		{9D2840D6-9F22-4630-9123-7C49B8CE00D6}.Debug|Any CPU.Build.0 = Debug|Any CPU
		{9D2840D6-9F22-4630-9123-7C49B8CE00D6}.Release|Any CPU.ActiveCfg = Release|Any CPU
		{9D2840D6-9F22-4630-9123-7C49B8CE00D6}.Release|Any CPU.Build.0 = Release|Any CPU
		{DAA1B20D-D663-4FB0-A601-C3FA43BC9C48}.Debug|Any CPU.ActiveCfg = Debug|Any CPU
		{DAA1B20D-D663-4FB0-A601-C3FA43BC9C48}.Debug|Any CPU.Build.0 = Debug|Any CPU
		{DAA1B20D-D663-4FB0-A601-C3FA43BC9C48}.Release|Any CPU.ActiveCfg = Release|Any CPU
		{DAA1B20D-D663-4FB0-A601-C3FA43BC9C48}.Release|Any CPU.Build.0 = Release|Any CPU
		{EA27F23A-0991-401D-B848-F7B73CEC30BE}.Debug|Any CPU.ActiveCfg = Debug|Any CPU
		{EA27F23A-0991-401D-B848-F7B73CEC30BE}.Debug|Any CPU.Build.0 = Debug|Any CPU
		{EA27F23A-0991-401D-B848-F7B73CEC30BE}.Release|Any CPU.ActiveCfg = Release|Any CPU
		{EA27F23A-0991-401D-B848-F7B73CEC30BE}.Release|Any CPU.Build.0 = Release|Any CPU
	EndGlobalSection
	GlobalSection(SolutionProperties) = preSolution
		HideSolutionNode = FALSE
	EndGlobalSection
	GlobalSection(ExtensibilityGlobals) = postSolution
		SolutionGuid = {9224493E-957B-4AD5-B375-A2475DE61D72}
	EndGlobalSection
EndGlobal
